
Microsoft Visual Studio Solution File, Format Version 12.00
# Visual Studio Version 17
VisualStudioVersion = 17.14.36414.22 d17.14
MinimumVisualStudioVersion = 10.0.40219.1
Project("{FAE04EC0-301F-11D3-BF4B-00C04F79EFBC}") = "ex10", "ex10\ex10.csproj", "{C51F90B4-CF56-4788-A1EE-1414A9C236B9}"
EndProject
Global
	GlobalSection(SolutionConfigurationPlatforms) = preSolution
		Debug|Any CPU = Debug|Any CPU
		Release|Any CPU = Release|Any CPU
	EndGlobalSection
	GlobalSection(ProjectConfigurationPlatforms) = postSolution
		{C51F90B4-CF56-4788-A1EE-1414A9C236B9}.Debug|Any CPU.ActiveCfg = Debug|Any CPU
		{C51F90B4-CF56-4788-A1EE-1414A9C236B9}.Debug|Any CPU.Build.0 = Debug|Any CPU
		{C51F90B4-CF56-4788-A1EE-1414A9C236B9}.Release|Any CPU.ActiveCfg = Release|Any CPU
		{C51F90B4-CF56-4788-A1EE-1414A9C236B9}.Release|Any CPU.Build.0 = Release|Any CPU
	EndGlobalSection
	GlobalSection(SolutionProperties) = preSolution
		HideSolutionNode = FALSE
	EndGlobalSection
	GlobalSection(ExtensibilityGlobals) = postSolution
		SolutionGuid = {8F368807-C077-4FEF-A4DB-E8E9B32B93F0}
	EndGlobalSection
EndGlobal
