
Microsoft Visual Studio Solution File, Format Version 12.00
# Visual Studio Version 17
VisualStudioVersion = 17.14.36414.22 d17.14
MinimumVisualStudioVersion = 10.0.40219.1
Project("{FAE04EC0-301F-11D3-BF4B-00C04F79EFBC}") = "ex1", "ex1\ex1.csproj", "{CE60C446-50E8-44C8-877F-EF30215978EF}"
EndProject
Global
	GlobalSection(SolutionConfigurationPlatforms) = preSolution
		Debug|Any CPU = Debug|Any CPU
		Release|Any CPU = Release|Any CPU
	EndGlobalSection
	GlobalSection(ProjectConfigurationPlatforms) = postSolution
		{CE60C446-50E8-44C8-877F-EF30215978EF}.Debug|Any CPU.ActiveCfg = Debug|Any CPU
		{CE60C446-50E8-44C8-877F-EF30215978EF}.Debug|Any CPU.Build.0 = Debug|Any CPU
		{CE60C446-50E8-44C8-877F-EF30215978EF}.Release|Any CPU.ActiveCfg = Release|Any CPU
		{CE60C446-50E8-44C8-877F-EF30215978EF}.Release|Any CPU.Build.0 = Release|Any CPU
	EndGlobalSection
	GlobalSection(SolutionProperties) = preSolution
		HideSolutionNode = FALSE
	EndGlobalSection
	GlobalSection(ExtensibilityGlobals) = postSolution
		SolutionGuid = {3B1D167F-6081-4DD2-9F56-B15B3DE2281B}
	EndGlobalSection
EndGlobal
