
Microsoft Visual Studio Solution File, Format Version 12.00
# Visual Studio Version 17
VisualStudioVersion = 17.14.36414.22 d17.14
MinimumVisualStudioVersion = 10.0.40219.1
Project("{FAE04EC0-301F-11D3-BF4B-00C04F79EFBC}") = "ex21", "ex21\ex21.csproj", "{AA294EE3-9882-474E-943E-098557F3AD45}"
EndProject
Global
	GlobalSection(SolutionConfigurationPlatforms) = preSolution
		Debug|Any CPU = Debug|Any CPU
		Release|Any CPU = Release|Any CPU
	EndGlobalSection
	GlobalSection(ProjectConfigurationPlatforms) = postSolution
		{AA294EE3-9882-474E-943E-098557F3AD45}.Debug|Any CPU.ActiveCfg = Debug|Any CPU
		{AA294EE3-9882-474E-943E-098557F3AD45}.Debug|Any CPU.Build.0 = Debug|Any CPU
		{AA294EE3-9882-474E-943E-098557F3AD45}.Release|Any CPU.ActiveCfg = Release|Any CPU
		{AA294EE3-9882-474E-943E-098557F3AD45}.Release|Any CPU.Build.0 = Release|Any CPU
	EndGlobalSection
	GlobalSection(SolutionProperties) = preSolution
		HideSolutionNode = FALSE
	EndGlobalSection
	GlobalSection(ExtensibilityGlobals) = postSolution
		SolutionGuid = {8444D3CF-992E-4F25-9B11-A19AAF94683B}
	EndGlobalSection
EndGlobal
